
Microsoft Visual Studio Solution File, Format Version 12.00
# Visual Studio Version 17
VisualStudioVersion = 17.8.34330.188
MinimumVisualStudioVersion = 10.0.40219.1
Project("{9A19103F-16F7-4668-BE54-9A1E7A4F7556}") = "AcademicAisle.Web", "AcademicAisle.Web\AcademicAisle.Web.csproj", "{E3CB3A15-287B-4869-B140-F9BE00991067}"
EndProject
Project("{9A19103F-16F7-4668-BE54-9A1E7A4F7556}") = "AcademicAsile.entities", "AcademicAsile.entities\AcademicAsile.entities.csproj", "{6D7CF13C-EB6A-4925-8050-1466D3EA76C1}"
EndProject
Project("{FAE04EC0-301F-11D3-BF4B-00C04F79EFBC}") = "AcademicAisle.Database", "AcademicAisle.Database\AcademicAisle.Database.csproj", "{11CA2E02-0985-46B6-8D02-F839845897A1}"
EndProject
Global
	GlobalSection(SolutionConfigurationPlatforms) = preSolution
		Debug|Any CPU = Debug|Any CPU
		Release|Any CPU = Release|Any CPU
	EndGlobalSection
	GlobalSection(ProjectConfigurationPlatforms) = postSolution
		{E3CB3A15-287B-4869-B140-F9BE00991067}.Debug|Any CPU.ActiveCfg = Debug|Any CPU
		{E3CB3A15-287B-4869-B140-F9BE00991067}.Debug|Any CPU.Build.0 = Debug|Any CPU
		{E3CB3A15-287B-4869-B140-F9BE00991067}.Release|Any CPU.ActiveCfg = Release|Any CPU
		{E3CB3A15-287B-4869-B140-F9BE00991067}.Release|Any CPU.Build.0 = Release|Any CPU
		{6D7CF13C-EB6A-4925-8050-1466D3EA76C1}.Debug|Any CPU.ActiveCfg = Debug|Any CPU
		{6D7CF13C-EB6A-4925-8050-1466D3EA76C1}.Debug|Any CPU.Build.0 = Debug|Any CPU
		{6D7CF13C-EB6A-4925-8050-1466D3EA76C1}.Release|Any CPU.ActiveCfg = Release|Any CPU
		{6D7CF13C-EB6A-4925-8050-1466D3EA76C1}.Release|Any CPU.Build.0 = Release|Any CPU
		{11CA2E02-0985-46B6-8D02-F839845897A1}.Debug|Any CPU.ActiveCfg = Debug|Any CPU
		{11CA2E02-0985-46B6-8D02-F839845897A1}.Debug|Any CPU.Build.0 = Debug|Any CPU
		{11CA2E02-0985-46B6-8D02-F839845897A1}.Release|Any CPU.ActiveCfg = Release|Any CPU
		{11CA2E02-0985-46B6-8D02-F839845897A1}.Release|Any CPU.Build.0 = Release|Any CPU
	EndGlobalSection
	GlobalSection(SolutionProperties) = preSolution
		HideSolutionNode = FALSE
	EndGlobalSection
	GlobalSection(ExtensibilityGlobals) = postSolution
		SolutionGuid = {E750714C-37DC-4F4E-9CE5-92D806BF511C}
	EndGlobalSection
EndGlobal
